// !$*UTF8*$!
{
	archiveVersion = 1;
	classes = {
	};
	objectVersion = 55;
	objects = {

/* Begin PBXBuildFile section */
		7813BFB1281356A7003213BB /* ScreenBounds.swift in Sources */ = {isa = PBXBuildFile; fileRef = 7813BFB0281356A7003213BB /* ScreenBounds.swift */; };
		7813BFB32815DF7E003213BB /* TestCatObject.swift in Sources */ = {isa = PBXBuildFile; fileRef = 7813BFB22815DF7E003213BB /* TestCatObject.swift */; };
		7816C6CC280DF43400FF22BF /* ExtensionPublished.swift in Sources */ = {isa = PBXBuildFile; fileRef = 7816C6CB280DF43400FF22BF /* ExtensionPublished.swift */; };
		78842DEF280AC55400617E1B /* DetailsView.swift in Sources */ = {isa = PBXBuildFile; fileRef = 78842DEE280AC55400617E1B /* DetailsView.swift */; };
		78842DF1280AC87300617E1B /* MyFavorites.swift in Sources */ = {isa = PBXBuildFile; fileRef = 78842DF0280AC87300617E1B /* MyFavorites.swift */; };
		78842DF4280ADA1600617E1B /* SearchView.swift in Sources */ = {isa = PBXBuildFile; fileRef = 78842DF3280ADA1600617E1B /* SearchView.swift */; };
		78842DF6280AE44300617E1B /* ListRow.swift in Sources */ = {isa = PBXBuildFile; fileRef = 78842DF5280AE44300617E1B /* ListRow.swift */; };
		78842DFA280B788B00617E1B /* WebService.swift in Sources */ = {isa = PBXBuildFile; fileRef = 78842DF9280B788B00617E1B /* WebService.swift */; };
		78842DFC280B7CFE00617E1B /* CatsModel.swift in Sources */ = {isa = PBXBuildFile; fileRef = 78842DFB280B7CFE00617E1B /* CatsModel.swift */; };
		78842DFE280B7E9100617E1B /* ViewModel.swift in Sources */ = {isa = PBXBuildFile; fileRef = 78842DFD280B7E9100617E1B /* ViewModel.swift */; };
		789E1F6F284D88EB0006B8CF /* Kingfisher in Frameworks */ = {isa = PBXBuildFile; productRef = 789E1F6E284D88EB0006B8CF /* Kingfisher */; };
		78A73E7D280AA3A100F31A18 /* Cat_BreedsApp.swift in Sources */ = {isa = PBXBuildFile; fileRef = 78A73E7C280AA3A100F31A18 /* Cat_BreedsApp.swift */; };
		78A73E7F280AA3A100F31A18 /* ContentView.swift in Sources */ = {isa = PBXBuildFile; fileRef = 78A73E7E280AA3A100F31A18 /* ContentView.swift */; };
		78A73E81280AA3A300F31A18 /* Assets.xcassets in Resources */ = {isa = PBXBuildFile; fileRef = 78A73E80280AA3A300F31A18 /* Assets.xcassets */; };
		78A73E84280AA3A300F31A18 /* Preview Assets.xcassets in Resources */ = {isa = PBXBuildFile; fileRef = 78A73E83280AA3A300F31A18 /* Preview Assets.xcassets */; };
		78A73E8B280AB6A700F31A18 /* SplashView.swift in Sources */ = {isa = PBXBuildFile; fileRef = 78A73E8A280AB6A700F31A18 /* SplashView.swift */; };
		78A73E8D280AB6F100F31A18 /* HomeView.swift in Sources */ = {isa = PBXBuildFile; fileRef = 78A73E8C280AB6F100F31A18 /* HomeView.swift */; };
		78B31238280BB4F800C5CB3A /* FavoriteButton.swift in Sources */ = {isa = PBXBuildFile; fileRef = 78B31237280BB4F800C5CB3A /* FavoriteButton.swift */; };
/* End PBXBuildFile section */

/* Begin PBXFileReference section */
		7813BFB0281356A7003213BB /* ScreenBounds.swift */ = {isa = PBXFileReference; lastKnownFileType = sourcecode.swift; path = ScreenBounds.swift; sourceTree = "<group>"; };
		7813BFB22815DF7E003213BB /* TestCatObject.swift */ = {isa = PBXFileReference; lastKnownFileType = sourcecode.swift; path = TestCatObject.swift; sourceTree = "<group>"; };
		7816C6CB280DF43400FF22BF /* ExtensionPublished.swift */ = {isa = PBXFileReference; lastKnownFileType = sourcecode.swift; path = ExtensionPublished.swift; sourceTree = "<group>"; };
		78842DEE280AC55400617E1B /* DetailsView.swift */ = {isa = PBXFileReference; lastKnownFileType = sourcecode.swift; path = DetailsView.swift; sourceTree = "<group>"; };
		78842DF0280AC87300617E1B /* MyFavorites.swift */ = {isa = PBXFileReference; lastKnownFileType = sourcecode.swift; path = MyFavorites.swift; sourceTree = "<group>"; };
		78842DF3280ADA1600617E1B /* SearchView.swift */ = {isa = PBXFileReference; lastKnownFileType = sourcecode.swift; path = SearchView.swift; sourceTree = "<group>"; };
		78842DF5280AE44300617E1B /* ListRow.swift */ = {isa = PBXFileReference; lastKnownFileType = sourcecode.swift; path = ListRow.swift; sourceTree = "<group>"; };
		78842DF9280B788B00617E1B /* WebService.swift */ = {isa = PBXFileReference; lastKnownFileType = sourcecode.swift; path = WebService.swift; sourceTree = "<group>"; };
		78842DFB280B7CFE00617E1B /* CatsModel.swift */ = {isa = PBXFileReference; lastKnownFileType = sourcecode.swift; path = CatsModel.swift; sourceTree = "<group>"; };
		78842DFD280B7E9100617E1B /* ViewModel.swift */ = {isa = PBXFileReference; lastKnownFileType = sourcecode.swift; path = ViewModel.swift; sourceTree = "<group>"; };
		78A73E79280AA3A100F31A18 /* Cat Breeds.app */ = {isa = PBXFileReference; explicitFileType = wrapper.application; includeInIndex = 0; path = "Cat Breeds.app"; sourceTree = BUILT_PRODUCTS_DIR; };
		78A73E7C280AA3A100F31A18 /* Cat_BreedsApp.swift */ = {isa = PBXFileReference; lastKnownFileType = sourcecode.swift; path = Cat_BreedsApp.swift; sourceTree = "<group>"; };
		78A73E7E280AA3A100F31A18 /* ContentView.swift */ = {isa = PBXFileReference; lastKnownFileType = sourcecode.swift; path = ContentView.swift; sourceTree = "<group>"; };
		78A73E80280AA3A300F31A18 /* Assets.xcassets */ = {isa = PBXFileReference; lastKnownFileType = folder.assetcatalog; path = Assets.xcassets; sourceTree = "<group>"; };
		78A73E83280AA3A300F31A18 /* Preview Assets.xcassets */ = {isa = PBXFileReference; lastKnownFileType = folder.assetcatalog; path = "Preview Assets.xcassets"; sourceTree = "<group>"; };
		78A73E8A280AB6A700F31A18 /* SplashView.swift */ = {isa = PBXFileReference; lastKnownFileType = sourcecode.swift; path = SplashView.swift; sourceTree = "<group>"; };
		78A73E8C280AB6F100F31A18 /* HomeView.swift */ = {isa = PBXFileReference; lastKnownFileType = sourcecode.swift; path = HomeView.swift; sourceTree = "<group>"; };
		78B31237280BB4F800C5CB3A /* FavoriteButton.swift */ = {isa = PBXFileReference; lastKnownFileType = sourcecode.swift; path = FavoriteButton.swift; sourceTree = "<group>"; };
/* End PBXFileReference section */

/* Begin PBXFrameworksBuildPhase section */
		78A73E76280AA3A100F31A18 /* Frameworks */ = {
			isa = PBXFrameworksBuildPhase;
			buildActionMask = 2147483647;
			files = (
				789E1F6F284D88EB0006B8CF /* Kingfisher in Frameworks */,
			);
			runOnlyForDeploymentPostprocessing = 0;
		};
/* End PBXFrameworksBuildPhase section */

/* Begin PBXGroup section */
		7813BFAF28135620003213BB /* Utility */ = {
			isa = PBXGroup;
			children = (
				7813BFB0281356A7003213BB /* ScreenBounds.swift */,
				7816C6CB280DF43400FF22BF /* ExtensionPublished.swift */,
				7813BFB22815DF7E003213BB /* TestCatObject.swift */,
			);
			path = Utility;
			sourceTree = "<group>";
		};
		78842DED280AC52300617E1B /* View */ = {
			isa = PBXGroup;
			children = (
				78A73E7E280AA3A100F31A18 /* ContentView.swift */,
				78A73E8A280AB6A700F31A18 /* SplashView.swift */,
				78A73E8C280AB6F100F31A18 /* HomeView.swift */,
				78842DF3280ADA1600617E1B /* SearchView.swift */,
				78842DEE280AC55400617E1B /* DetailsView.swift */,
				78842DF0280AC87300617E1B /* MyFavorites.swift */,
				78842DF5280AE44300617E1B /* ListRow.swift */,
				78B31237280BB4F800C5CB3A /* FavoriteButton.swift */,
			);
			path = View;
			sourceTree = "<group>";
		};
		78842DF8280B77A300617E1B /* Service */ = {
			isa = PBXGroup;
			children = (
				78842DF9280B788B00617E1B /* WebService.swift */,
			);
			path = Service;
			sourceTree = "<group>";
		};
		78842DFF280B8DD000617E1B /* Model */ = {
			isa = PBXGroup;
			children = (
				78842DFB280B7CFE00617E1B /* CatsModel.swift */,
			);
			path = Model;
			sourceTree = "<group>";
		};
		78A73E70280AA3A100F31A18 = {
			isa = PBXGroup;
			children = (
				78A73E7B280AA3A100F31A18 /* Cat Breeds */,
				78A73E7A280AA3A100F31A18 /* Products */,
			);
			sourceTree = "<group>";
		};
		78A73E7A280AA3A100F31A18 /* Products */ = {
			isa = PBXGroup;
			children = (
				78A73E79280AA3A100F31A18 /* Cat Breeds.app */,
			);
			name = Products;
			sourceTree = "<group>";
		};
		78A73E7B280AA3A100F31A18 /* Cat Breeds */ = {
			isa = PBXGroup;
			children = (
				78A73E7C280AA3A100F31A18 /* Cat_BreedsApp.swift */,
				78842DF8280B77A300617E1B /* Service */,
				78842DFF280B8DD000617E1B /* Model */,
				78B31239280BBE0A00C5CB3A /* ViewModel */,
				78842DED280AC52300617E1B /* View */,
				7813BFAF28135620003213BB /* Utility */,
				78A73E80280AA3A300F31A18 /* Assets.xcassets */,
				78A73E82280AA3A300F31A18 /* Preview Content */,
			);
			path = "Cat Breeds";
			sourceTree = "<group>";
		};
		78A73E82280AA3A300F31A18 /* Preview Content */ = {
			isa = PBXGroup;
			children = (
				78A73E83280AA3A300F31A18 /* Preview Assets.xcassets */,
			);
			path = "Preview Content";
			sourceTree = "<group>";
		};
		78B31239280BBE0A00C5CB3A /* ViewModel */ = {
			isa = PBXGroup;
			children = (
				78842DFD280B7E9100617E1B /* ViewModel.swift */,
			);
			path = ViewModel;
			sourceTree = "<group>";
		};
/* End PBXGroup section */

/* Begin PBXNativeTarget section */
		78A73E78280AA3A100F31A18 /* Cat Breeds */ = {
			isa = PBXNativeTarget;
			buildConfigurationList = 78A73E87280AA3A300F31A18 /* Build configuration list for PBXNativeTarget "Cat Breeds" */;
			buildPhases = (
				78A73E75280AA3A100F31A18 /* Sources */,
				78A73E76280AA3A100F31A18 /* Frameworks */,
				78A73E77280AA3A100F31A18 /* Resources */,
			);
			buildRules = (
			);
			dependencies = (
			);
			name = "Cat Breeds";
			packageProductDependencies = (
				789E1F6E284D88EB0006B8CF /* Kingfisher */,
			);
			productName = "Cat Breeds";
			productReference = 78A73E79280AA3A100F31A18 /* Cat Breeds.app */;
			productType = "com.apple.product-type.application";
		};
/* End PBXNativeTarget section */

/* Begin PBXProject section */
		78A73E71280AA3A100F31A18 /* Project object */ = {
			isa = PBXProject;
			attributes = {
				BuildIndependentTargetsInParallel = 1;
				LastSwiftUpdateCheck = 1320;
				LastUpgradeCheck = 1320;
				TargetAttributes = {
					78A73E78280AA3A100F31A18 = {
						CreatedOnToolsVersion = 13.2.1;
					};
				};
			};
			buildConfigurationList = 78A73E74280AA3A100F31A18 /* Build configuration list for PBXProject "Cat Breeds" */;
			compatibilityVersion = "Xcode 13.0";
			developmentRegion = en;
			hasScannedForEncodings = 0;
			knownRegions = (
				en,
				Base,
			);
			mainGroup = 78A73E70280AA3A100F31A18;
			packageReferences = (
				789E1F6D284D88EB0006B8CF /* XCRemoteSwiftPackageReference "Kingfisher" */,
			);
			productRefGroup = 78A73E7A280AA3A100F31A18 /* Products */;
			projectDirPath = "";
			projectRoot = "";
			targets = (
				78A73E78280AA3A100F31A18 /* Cat Breeds */,
			);
		};
/* End PBXProject section */

/* Begin PBXResourcesBuildPhase section */
		78A73E77280AA3A100F31A18 /* Resources */ = {
			isa = PBXResourcesBuildPhase;
			buildActionMask = 2147483647;
			files = (
				78A73E84280AA3A300F31A18 /* Preview Assets.xcassets in Resources */,
				78A73E81280AA3A300F31A18 /* Assets.xcassets in Resources */,
			);
			runOnlyForDeploymentPostprocessing = 0;
		};
/* End PBXResourcesBuildPhase section */

/* Begin PBXSourcesBuildPhase section */
		78A73E75280AA3A100F31A18 /* Sources */ = {
			isa = PBXSourcesBuildPhase;
			buildActionMask = 2147483647;
			files = (
				78842DFA280B788B00617E1B /* WebService.swift in Sources */,
				78A73E7F280AA3A100F31A18 /* ContentView.swift in Sources */,
				7813BFB32815DF7E003213BB /* TestCatObject.swift in Sources */,
				78842DEF280AC55400617E1B /* DetailsView.swift in Sources */,
				7816C6CC280DF43400FF22BF /* ExtensionPublished.swift in Sources */,
				78B31238280BB4F800C5CB3A /* FavoriteButton.swift in Sources */,
				78842DFE280B7E9100617E1B /* ViewModel.swift in Sources */,
				78A73E8D280AB6F100F31A18 /* HomeView.swift in Sources */,
				78842DF4280ADA1600617E1B /* SearchView.swift in Sources */,
				78842DF6280AE44300617E1B /* ListRow.swift in Sources */,
				78842DFC280B7CFE00617E1B /* CatsModel.swift in Sources */,
				78842DF1280AC87300617E1B /* MyFavorites.swift in Sources */,
				78A73E7D280AA3A100F31A18 /* Cat_BreedsApp.swift in Sources */,
				7813BFB1281356A7003213BB /* ScreenBounds.swift in Sources */,
				78A73E8B280AB6A700F31A18 /* SplashView.swift in Sources */,
			);
			runOnlyForDeploymentPostprocessing = 0;
		};
/* End PBXSourcesBuildPhase section */

/* Begin XCBuildConfiguration section */
		78A73E85280AA3A300F31A18 /* Debug */ = {
			isa = XCBuildConfiguration;
			buildSettings = {
				ALWAYS_SEARCH_USER_PATHS = NO;
				CLANG_ANALYZER_NONNULL = YES;
				CLANG_ANALYZER_NUMBER_OBJECT_CONVERSION = YES_AGGRESSIVE;
				CLANG_CXX_LANGUAGE_STANDARD = "gnu++17";
				CLANG_CXX_LIBRARY = "libc++";
				CLANG_ENABLE_MODULES = YES;
				CLANG_ENABLE_OBJC_ARC = YES;
				CLANG_ENABLE_OBJC_WEAK = YES;
				CLANG_WARN_BLOCK_CAPTURE_AUTORELEASING = YES;
				CLANG_WARN_BOOL_CONVERSION = YES;
				CLANG_WARN_COMMA = YES;
				CLANG_WARN_CONSTANT_CONVERSION = YES;
				CLANG_WARN_DEPRECATED_OBJC_IMPLEMENTATIONS = YES;
				CLANG_WARN_DIRECT_OBJC_ISA_USAGE = YES_ERROR;
				CLANG_WARN_DOCUMENTATION_COMMENTS = YES;
				CLANG_WARN_EMPTY_BODY = YES;
				CLANG_WARN_ENUM_CONVERSION = YES;
				CLANG_WARN_INFINITE_RECURSION = YES;
				CLANG_WARN_INT_CONVERSION = YES;
				CLANG_WARN_NON_LITERAL_NULL_CONVERSION = YES;
				CLANG_WARN_OBJC_IMPLICIT_RETAIN_SELF = YES;
				CLANG_WARN_OBJC_LITERAL_CONVERSION = YES;
				CLANG_WARN_OBJC_ROOT_CLASS = YES_ERROR;
				CLANG_WARN_QUOTED_INCLUDE_IN_FRAMEWORK_HEADER = YES;
				CLANG_WARN_RANGE_LOOP_ANALYSIS = YES;
				CLANG_WARN_STRICT_PROTOTYPES = YES;
				CLANG_WARN_SUSPICIOUS_MOVE = YES;
				CLANG_WARN_UNGUARDED_AVAILABILITY = YES_AGGRESSIVE;
				CLANG_WARN_UNREACHABLE_CODE = YES;
				CLANG_WARN__DUPLICATE_METHOD_MATCH = YES;
				COPY_PHASE_STRIP = NO;
				DEBUG_INFORMATION_FORMAT = dwarf;
				ENABLE_STRICT_OBJC_MSGSEND = YES;
				ENABLE_TESTABILITY = YES;
				GCC_C_LANGUAGE_STANDARD = gnu11;
				GCC_DYNAMIC_NO_PIC = NO;
				GCC_NO_COMMON_BLOCKS = YES;
				GCC_OPTIMIZATION_LEVEL = 0;
				GCC_PREPROCESSOR_DEFINITIONS = (
					"DEBUG=1",
					"$(inherited)",
				);
				GCC_WARN_64_TO_32_BIT_CONVERSION = YES;
				GCC_WARN_ABOUT_RETURN_TYPE = YES_ERROR;
				GCC_WARN_UNDECLARED_SELECTOR = YES;
				GCC_WARN_UNINITIALIZED_AUTOS = YES_AGGRESSIVE;
				GCC_WARN_UNUSED_FUNCTION = YES;
				GCC_WARN_UNUSED_VARIABLE = YES;
				IPHONEOS_DEPLOYMENT_TARGET = 15.2;
				MTL_ENABLE_DEBUG_INFO = INCLUDE_SOURCE;
				MTL_FAST_MATH = YES;
				ONLY_ACTIVE_ARCH = YES;
				SDKROOT = iphoneos;
				SWIFT_ACTIVE_COMPILATION_CONDITIONS = DEBUG;
				SWIFT_OPTIMIZATION_LEVEL = "-Onone";
			};
			name = Debug;
		};
		78A73E86280AA3A300F31A18 /* Release */ = {
			isa = XCBuildConfiguration;
			buildSettings = {
				ALWAYS_SEARCH_USER_PATHS = NO;
				CLANG_ANALYZER_NONNULL = YES;
				CLANG_ANALYZER_NUMBER_OBJECT_CONVERSION = YES_AGGRESSIVE;
				CLANG_CXX_LANGUAGE_STANDARD = "gnu++17";
				CLANG_CXX_LIBRARY = "libc++";
				CLANG_ENABLE_MODULES = YES;
				CLANG_ENABLE_OBJC_ARC = YES;
				CLANG_ENABLE_OBJC_WEAK = YES;
				CLANG_WARN_BLOCK_CAPTURE_AUTORELEASING = YES;
				CLANG_WARN_BOOL_CONVERSION = YES;
				CLANG_WARN_COMMA = YES;
				CLANG_WARN_CONSTANT_CONVERSION = YES;
				CLANG_WARN_DEPRECATED_OBJC_IMPLEMENTATIONS = YES;
				CLANG_WARN_DIRECT_OBJC_ISA_USAGE = YES_ERROR;
				CLANG_WARN_DOCUMENTATION_COMMENTS = YES;
				CLANG_WARN_EMPTY_BODY = YES;
				CLANG_WARN_ENUM_CONVERSION = YES;
				CLANG_WARN_INFINITE_RECURSION = YES;
				CLANG_WARN_INT_CONVERSION = YES;
				CLANG_WARN_NON_LITERAL_NULL_CONVERSION = YES;
				CLANG_WARN_OBJC_IMPLICIT_RETAIN_SELF = YES;
				CLANG_WARN_OBJC_LITERAL_CONVERSION = YES;
				CLANG_WARN_OBJC_ROOT_CLASS = YES_ERROR;
				CLANG_WARN_QUOTED_INCLUDE_IN_FRAMEWORK_HEADER = YES;
				CLANG_WARN_RANGE_LOOP_ANALYSIS = YES;
				CLANG_WARN_STRICT_PROTOTYPES = YES;
				CLANG_WARN_SUSPICIOUS_MOVE = YES;
				CLANG_WARN_UNGUARDED_AVAILABILITY = YES_AGGRESSIVE;
				CLANG_WARN_UNREACHABLE_CODE = YES;
				CLANG_WARN__DUPLICATE_METHOD_MATCH = YES;
				COPY_PHASE_STRIP = NO;
				DEBUG_INFORMATION_FORMAT = "dwarf-with-dsym";
				ENABLE_NS_ASSERTIONS = NO;
				ENABLE_STRICT_OBJC_MSGSEND = YES;
				GCC_C_LANGUAGE_STANDARD = gnu11;
				GCC_NO_COMMON_BLOCKS = YES;
				GCC_WARN_64_TO_32_BIT_CONVERSION = YES;
				GCC_WARN_ABOUT_RETURN_TYPE = YES_ERROR;
				GCC_WARN_UNDECLARED_SELECTOR = YES;
				GCC_WARN_UNINITIALIZED_AUTOS = YES_AGGRESSIVE;
				GCC_WARN_UNUSED_FUNCTION = YES;
				GCC_WARN_UNUSED_VARIABLE = YES;
				IPHONEOS_DEPLOYMENT_TARGET = 15.2;
				MTL_ENABLE_DEBUG_INFO = NO;
				MTL_FAST_MATH = YES;
				SDKROOT = iphoneos;
				SWIFT_COMPILATION_MODE = wholemodule;
				SWIFT_OPTIMIZATION_LEVEL = "-O";
				VALIDATE_PRODUCT = YES;
			};
			name = Release;
		};
		78A73E88280AA3A300F31A18 /* Debug */ = {
			isa = XCBuildConfiguration;
			buildSettings = {
				ASSETCATALOG_COMPILER_APPICON_NAME = AppIcon;
				ASSETCATALOG_COMPILER_GLOBAL_ACCENT_COLOR_NAME = AccentColor;
				CODE_SIGN_STYLE = Automatic;
				CURRENT_PROJECT_VERSION = 1;
				DEVELOPMENT_ASSET_PATHS = "\"Cat Breeds/Preview Content\"";
				DEVELOPMENT_TEAM = Q5TKUQ5ZUC;
				ENABLE_PREVIEWS = YES;
				GENERATE_INFOPLIST_FILE = YES;
				INFOPLIST_KEY_UIApplicationSceneManifest_Generation = YES;
				INFOPLIST_KEY_UIApplicationSupportsIndirectInputEvents = YES;
				INFOPLIST_KEY_UILaunchScreen_Generation = YES;
				INFOPLIST_KEY_UISupportedInterfaceOrientations_iPad = "UIInterfaceOrientationPortrait UIInterfaceOrientationPortraitUpsideDown UIInterfaceOrientationLandscapeLeft UIInterfaceOrientationLandscapeRight";
				INFOPLIST_KEY_UISupportedInterfaceOrientations_iPhone = "UIInterfaceOrientationPortrait UIInterfaceOrientationLandscapeLeft UIInterfaceOrientationLandscapeRight";
				LD_RUNPATH_SEARCH_PATHS = (
					"$(inherited)",
					"@executable_path/Frameworks",
				);
				MARKETING_VERSION = 1.0;
				PRODUCT_BUNDLE_IDENTIFIER = "com.tolgakaganaysu.Cat-Breeds";
				PRODUCT_NAME = "$(TARGET_NAME)";
				SWIFT_EMIT_LOC_STRINGS = YES;
				SWIFT_VERSION = 5.0;
				TARGETED_DEVICE_FAMILY = "1,2";
			};
			name = Debug;
		};
		78A73E89280AA3A300F31A18 /* Release */ = {
			isa = XCBuildConfiguration;
			buildSettings = {
				ASSETCATALOG_COMPILER_APPICON_NAME = AppIcon;
				ASSETCATALOG_COMPILER_GLOBAL_ACCENT_COLOR_NAME = AccentColor;
				CODE_SIGN_STYLE = Automatic;
				CURRENT_PROJECT_VERSION = 1;
				DEVELOPMENT_ASSET_PATHS = "\"Cat Breeds/Preview Content\"";
				DEVELOPMENT_TEAM = Q5TKUQ5ZUC;
				ENABLE_PREVIEWS = YES;
				GENERATE_INFOPLIST_FILE = YES;
				INFOPLIST_KEY_UIApplicationSceneManifest_Generation = YES;
				INFOPLIST_KEY_UIApplicationSupportsIndirectInputEvents = YES;
				INFOPLIST_KEY_UILaunchScreen_Generation = YES;
				INFOPLIST_KEY_UISupportedInterfaceOrientations_iPad = "UIInterfaceOrientationPortrait UIInterfaceOrientationPortraitUpsideDown UIInterfaceOrientationLandscapeLeft UIInterfaceOrientationLandscapeRight";
				INFOPLIST_KEY_UISupportedInterfaceOrientations_iPhone = "UIInterfaceOrientationPortrait UIInterfaceOrientationLandscapeLeft UIInterfaceOrientationLandscapeRight";
				LD_RUNPATH_SEARCH_PATHS = (
					"$(inherited)",
					"@executable_path/Frameworks",
				);
				MARKETING_VERSION = 1.0;
				PRODUCT_BUNDLE_IDENTIFIER = "com.tolgakaganaysu.Cat-Breeds";
				PRODUCT_NAME = "$(TARGET_NAME)";
				SWIFT_EMIT_LOC_STRINGS = YES;
				SWIFT_VERSION = 5.0;
				TARGETED_DEVICE_FAMILY = "1,2";
			};
			name = Release;
		};
/* End XCBuildConfiguration section */

/* Begin XCConfigurationList section */
		78A73E74280AA3A100F31A18 /* Build configuration list for PBXProject "Cat Breeds" */ = {
			isa = XCConfigurationList;
			buildConfigurations = (
				78A73E85280AA3A300F31A18 /* Debug */,
				78A73E86280AA3A300F31A18 /* Release */,
			);
			defaultConfigurationIsVisible = 0;
			defaultConfigurationName = Release;
		};
		78A73E87280AA3A300F31A18 /* Build configuration list for PBXNativeTarget "Cat Breeds" */ = {
			isa = XCConfigurationList;
			buildConfigurations = (
				78A73E88280AA3A300F31A18 /* Debug */,
				78A73E89280AA3A300F31A18 /* Release */,
			);
			defaultConfigurationIsVisible = 0;
			defaultConfigurationName = Release;
		};
/* End XCConfigurationList section */

/* Begin XCRemoteSwiftPackageReference section */
		789E1F6D284D88EB0006B8CF /* XCRemoteSwiftPackageReference "Kingfisher" */ = {
			isa = XCRemoteSwiftPackageReference;
			repositoryURL = "https://github.com/onevcat/Kingfisher.git";
			requirement = {
				kind = upToNextMajorVersion;
				minimumVersion = 7.0.0;
			};
		};
/* End XCRemoteSwiftPackageReference section */

/* Begin XCSwiftPackageProductDependency section */
		789E1F6E284D88EB0006B8CF /* Kingfisher */ = {
			isa = XCSwiftPackageProductDependency;
			package = 789E1F6D284D88EB0006B8CF /* XCRemoteSwiftPackageReference "Kingfisher" */;
			productName = Kingfisher;
		};
/* End XCSwiftPackageProductDependency section */
	};
	rootObject = 78A73E71280AA3A100F31A18 /* Project object */;
}
